
Microsoft Visual Studio Solution File, Format Version 12.00
# Visual Studio Version 17
VisualStudioVersion = 17.5.33530.505
MinimumVisualStudioVersion = 10.0.40219.1
Project("{FAE04EC0-301F-11D3-BF4B-00C04F79EFBC}") = "EFCoreInMemoryDemo", "EFCoreInMemoryDemo.csproj", "{4757DB79-7B15-4371-B8F2-DE36410DC09D}"
EndProject
Project("{FAE04EC0-301F-11D3-BF4B-00C04F79EFBC}") = "InMemoryDemo", "..\InMemoryDemo\InMemoryDemo.csproj", "{731EB583-D390-44A4-B1B2-48FA85CB6007}"
EndProject
Global
	GlobalSection(SolutionConfigurationPlatforms) = preSolution
		Debug|Any CPU = Debug|Any CPU
		Release|Any CPU = Release|Any CPU
	EndGlobalSection
	GlobalSection(ProjectConfigurationPlatforms) = postSolution
		{4757DB79-7B15-4371-B8F2-DE36410DC09D}.Debug|Any CPU.ActiveCfg = Debug|Any CPU
		{4757DB79-7B15-4371-B8F2-DE36410DC09D}.Debug|Any CPU.Build.0 = Debug|Any CPU
		{4757DB79-7B15-4371-B8F2-DE36410DC09D}.Release|Any CPU.ActiveCfg = Release|Any CPU
		{4757DB79-7B15-4371-B8F2-DE36410DC09D}.Release|Any CPU.Build.0 = Release|Any CPU
		{731EB583-D390-44A4-B1B2-48FA85CB6007}.Debug|Any CPU.ActiveCfg = Debug|Any CPU
		{731EB583-D390-44A4-B1B2-48FA85CB6007}.Debug|Any CPU.Build.0 = Debug|Any CPU
		{731EB583-D390-44A4-B1B2-48FA85CB6007}.Release|Any CPU.ActiveCfg = Release|Any CPU
		{731EB583-D390-44A4-B1B2-48FA85CB6007}.Release|Any CPU.Build.0 = Release|Any CPU
	EndGlobalSection
	GlobalSection(SolutionProperties) = preSolution
		HideSolutionNode = FALSE
	EndGlobalSection
	GlobalSection(ExtensibilityGlobals) = postSolution
		SolutionGuid = {0F6A4786-B3E7-4908-ADCF-CB060424551A}
	EndGlobalSection
EndGlobal
